
Microsoft Visual Studio Solution File, Format Version 12.00
# Visual Studio Version 17
VisualStudioVersion = 17.5.33502.453
MinimumVisualStudioVersion = 10.0.40219.1
Project("{9A19103F-16F7-4668-BE54-9A1E7A4F7556}") = "GrpcService", "GrpcService\GrpcService.csproj", "{66896352-D5C6-4F9A-95A2-2AE885BDD02C}"
EndProject
Project("{FAE04EC0-301F-11D3-BF4B-00C04F79EFBC}") = "GraphqlService", "GraphqlService\GraphqlService.csproj", "{BF12B576-A6CA-410A-A4E3-5E2BEE9CB443}"
EndProject
Global
	GlobalSection(SolutionConfigurationPlatforms) = preSolution
		Debug|Any CPU = Debug|Any CPU
		Release|Any CPU = Release|Any CPU
	EndGlobalSection
	GlobalSection(ProjectConfigurationPlatforms) = postSolution
		{66896352-D5C6-4F9A-95A2-2AE885BDD02C}.Debug|Any CPU.ActiveCfg = Debug|Any CPU
		{66896352-D5C6-4F9A-95A2-2AE885BDD02C}.Debug|Any CPU.Build.0 = Debug|Any CPU
		{66896352-D5C6-4F9A-95A2-2AE885BDD02C}.Release|Any CPU.ActiveCfg = Release|Any CPU
		{66896352-D5C6-4F9A-95A2-2AE885BDD02C}.Release|Any CPU.Build.0 = Release|Any CPU
		{BF12B576-A6CA-410A-A4E3-5E2BEE9CB443}.Debug|Any CPU.ActiveCfg = Debug|Any CPU
		{BF12B576-A6CA-410A-A4E3-5E2BEE9CB443}.Debug|Any CPU.Build.0 = Debug|Any CPU
		{BF12B576-A6CA-410A-A4E3-5E2BEE9CB443}.Release|Any CPU.ActiveCfg = Release|Any CPU
		{BF12B576-A6CA-410A-A4E3-5E2BEE9CB443}.Release|Any CPU.Build.0 = Release|Any CPU
	EndGlobalSection
	GlobalSection(SolutionProperties) = preSolution
		HideSolutionNode = FALSE
	EndGlobalSection
	GlobalSection(ExtensibilityGlobals) = postSolution
		SolutionGuid = {B5008297-3DED-49EE-BC85-797EC27F16BE}
	EndGlobalSection
EndGlobal
